
Microsoft Visual Studio Solution File, Format Version 12.00
# Visual Studio Version 16
VisualStudioVersion = 16.0.31515.178
MinimumVisualStudioVersion = 10.0.40219.1
Project("{F184B08F-C81C-45F6-A57F-5ABD9991F28F}") = "new_jk", "new_jk\new_jk.vbproj", "{F6427E75-BAB3-4647-BD5F-65EC64051A51}"
EndProject
Global
	GlobalSection(SolutionConfigurationPlatforms) = preSolution
		Debug|Any CPU = Debug|Any CPU
		Release|Any CPU = Release|Any CPU
	EndGlobalSection
	GlobalSection(ProjectConfigurationPlatforms) = postSolution
		{F6427E75-BAB3-4647-BD5F-65EC64051A51}.Debug|Any CPU.ActiveCfg = Debug|Any CPU
		{F6427E75-BAB3-4647-BD5F-65EC64051A51}.Debug|Any CPU.Build.0 = Debug|Any CPU
		{F6427E75-BAB3-4647-BD5F-65EC64051A51}.Release|Any CPU.ActiveCfg = Release|Any CPU
		{F6427E75-BAB3-4647-BD5F-65EC64051A51}.Release|Any CPU.Build.0 = Release|Any CPU
	EndGlobalSection
	GlobalSection(SolutionProperties) = preSolution
		HideSolutionNode = FALSE
	EndGlobalSection
	GlobalSection(ExtensibilityGlobals) = postSolution
		SolutionGuid = {4915C205-37C6-4A4B-A279-A6D7B4BFF324}
	EndGlobalSection
EndGlobal
